
Microsoft Visual Studio Solution File, Format Version 12.00
# Visual Studio 2012
Project("{FAE04EC0-301F-11D3-BF4B-00C04F79EFBC}") = "classesAndDerivedClasses", "classesAndDerivedClasses\classesAndDerivedClasses.csproj", "{C7F799D2-1F82-409C-892F-E19F8E9F68CA}"
EndProject
Global
	GlobalSection(SolutionConfigurationPlatforms) = preSolution
		Debug|Any CPU = Debug|Any CPU
		Release|Any CPU = Release|Any CPU
	EndGlobalSection
	GlobalSection(ProjectConfigurationPlatforms) = postSolution
		{C7F799D2-1F82-409C-892F-E19F8E9F68CA}.Debug|Any CPU.ActiveCfg = Debug|Any CPU
		{C7F799D2-1F82-409C-892F-E19F8E9F68CA}.Debug|Any CPU.Build.0 = Debug|Any CPU
		{C7F799D2-1F82-409C-892F-E19F8E9F68CA}.Release|Any CPU.ActiveCfg = Release|Any CPU
		{C7F799D2-1F82-409C-892F-E19F8E9F68CA}.Release|Any CPU.Build.0 = Release|Any CPU
	EndGlobalSection
	GlobalSection(SolutionProperties) = preSolution
		HideSolutionNode = FALSE
	EndGlobalSection
EndGlobal
